<?xml version="1.0" encoding="utf-8"?>
<Project ToolsVersion="17.0" xmlns="http://schemas.microsoft.com/developer/msbuild/2003">
  <ItemGroup>
    <ClCompile Include="C:\Users\bhask\Documents\PROJECTS\market-data-handler\src\core\crc32.cpp">
      <Filter>Source Files</Filter>
    </ClCompile>
    <ClCompile Include="C:\Users\bhask\Documents\PROJECTS\market-data-handler\src\core\time.cpp">
      <Filter>Source Files</Filter>
    </ClCompile>
    <ClCompile Include="C:\Users\bhask\Documents\PROJECTS\market-data-handler\src\phase2\deterministic_merger.cpp">
      <Filter>Source Files</Filter>
    </ClCompile>
    <ClCompile Include="C:\Users\bhask\Documents\PROJECTS\market-data-handler\src\phase2\ab_arbiter.cpp">
      <Filter>Source Files</Filter>
    </ClCompile>
    <ClCompile Include="C:\Users\bhask\Documents\PROJECTS\market-data-handler\src\phase2\jit_bridge.cpp">
      <Filter>Source Files</Filter>
    </ClCompile>
    <ClCompile Include="C:\Users\bhask\Documents\PROJECTS\market-data-handler\src\phase2\pipeline.cpp">
      <Filter>Source Files</Filter>
    </ClCompile>
    <ClCompile Include="C:\Users\bhask\Documents\PROJECTS\market-data-handler\src\phase2\recovery.cpp">
      <Filter>Source Files</Filter>
    </ClCompile>
    <ClCompile Include="C:\Users\bhask\Documents\PROJECTS\market-data-handler\src\phase2\recovery_simulator.cpp">
      <Filter>Source Files</Filter>
    </ClCompile>
    <ClCompile Include="C:\Users\bhask\Documents\PROJECTS\market-data-handler\src\phase2\sequence_tracker.cpp">
      <Filter>Source Files</Filter>
    </ClCompile>
    <ClCompile Include="C:\Users\bhask\Documents\PROJECTS\market-data-handler\src\phase3\order_book_engine.cpp">
      <Filter>Source Files</Filter>
    </ClCompile>
    <ClCompile Include="C:\Users\bhask\Documents\PROJECTS\market-data-handler\src\phase3\intrusive_order_book.cpp">
      <Filter>Source Files</Filter>
    </ClCompile>
    <ClCompile Include="C:\Users\bhask\Documents\PROJECTS\market-data-handler\src\phase3\book_snapshot.cpp">
      <Filter>Source Files</Filter>
    </ClCompile>
    <ClCompile Include="C:\Users\bhask\Documents\PROJECTS\market-data-handler\src\phase3\nbbo_consolidator.cpp">
      <Filter>Source Files</Filter>
    </ClCompile>
    <ClCompile Include="C:\Users\bhask\Documents\PROJECTS\market-data-handler\src\phase3\feature_pipeline.cpp">
      <Filter>Source Files</Filter>
    </ClCompile>
    <ClCompile Include="C:\Users\bhask\Documents\PROJECTS\market-data-handler\src\phase3\feature_bridge.cpp">
      <Filter>Source Files</Filter>
    </ClCompile>
    <ClCompile Include="C:\Users\bhask\Documents\PROJECTS\market-data-handler\src\research\strategy_engine.cpp">
      <Filter>Source Files</Filter>
    </ClCompile>
    <ClCompile Include="C:\Users\bhask\Documents\PROJECTS\market-data-handler\src\proto\nasdaq\itch50_parser.cpp">
      <Filter>Source Files</Filter>
    </ClCompile>
    <ClCompile Include="C:\Users\bhask\Documents\PROJECTS\market-data-handler\src\proto\iex\deep_parser.cpp">
      <Filter>Source Files</Filter>
    </ClCompile>
    <ClCompile Include="C:\Users\bhask\Documents\PROJECTS\market-data-handler\src\proto\cboe\pitch_parser.cpp">
      <Filter>Source Files</Filter>
    </ClCompile>
    <ClCompile Include="C:\Users\bhask\Documents\PROJECTS\market-data-handler\src\bench\histogram.cpp">
      <Filter>Source Files</Filter>
    </ClCompile>
    <ClCompile Include="C:\Users\bhask\Documents\PROJECTS\market-data-handler\src\bench\run_metadata.cpp">
      <Filter>Source Files</Filter>
    </ClCompile>
    <ClCompile Include="C:\Users\bhask\Documents\PROJECTS\market-data-handler\src\phase4\sim_matching_engine.cpp">
      <Filter>Source Files</Filter>
    </ClCompile>
    <ClCompile Include="C:\Users\bhask\Documents\PROJECTS\market-data-handler\src\phase4\strategy.cpp">
      <Filter>Source Files</Filter>
    </ClCompile>
    <ClCompile Include="C:\Users\bhask\Documents\PROJECTS\market-data-handler\src\phase4\pnl_accountant.cpp">
      <Filter>Source Files</Filter>
    </ClCompile>
    <ClCompile Include="C:\Users\bhask\Documents\PROJECTS\market-data-handler\src\phase4\backtest_runner.cpp">
      <Filter>Source Files</Filter>
    </ClCompile>
  </ItemGroup>
  <ItemGroup>
    <CustomBuild Include="C:\Users\bhask\Documents\PROJECTS\market-data-handler\CMakeLists.txt" />
  </ItemGroup>
  <ItemGroup>
    <Filter Include="Source Files">
      <UniqueIdentifier>{4537157C-1F88-3450-81F7-A7660AFDBA4B}</UniqueIdentifier>
    </Filter>
  </ItemGroup>
</Project>
