<?xml version="1.0" encoding="utf-8"?>
<Project ToolsVersion="17.0" xmlns="http://schemas.microsoft.com/developer/msbuild/2003">
  <ItemGroup>
    <CustomBuild Include="C:\Users\bhask\Documents\PROJECTS\market-data-handler\build_phase_e_win\CMakeFiles\194da68fa31fb4f8ae1a71d6b72af510\RUN_TESTS_force.rule">
      <Filter>CMake Rules</Filter>
    </CustomBuild>
  </ItemGroup>
  <ItemGroup>
    <Filter Include="CMake Rules">
      <UniqueIdentifier>{E4F78A58-7208-3D2E-BDD3-C25C3FA4284F}</UniqueIdentifier>
    </Filter>
  </ItemGroup>
</Project>
